
Microsoft Visual Studio Solution File, Format Version 12.00
# Visual Studio Version 17
VisualStudioVersion = 17.4.33122.133
MinimumVisualStudioVersion = 10.0.40219.1
Project("{FAE04EC0-301F-11D3-BF4B-00C04F79EFBC}") = "ContactApp", "ContactApp\ContactApp.csproj", "{1C059007-6E7C-4EEB-91DA-9EB91DCA78D2}"
EndProject
Global
	GlobalSection(SolutionConfigurationPlatforms) = preSolution
		Debug|Any CPU = Debug|Any CPU
		Release|Any CPU = Release|Any CPU
	EndGlobalSection
	GlobalSection(ProjectConfigurationPlatforms) = postSolution
		{1C059007-6E7C-4EEB-91DA-9EB91DCA78D2}.Debug|Any CPU.ActiveCfg = Debug|Any CPU
		{1C059007-6E7C-4EEB-91DA-9EB91DCA78D2}.Debug|Any CPU.Build.0 = Debug|Any CPU
		{1C059007-6E7C-4EEB-91DA-9EB91DCA78D2}.Release|Any CPU.ActiveCfg = Release|Any CPU
		{1C059007-6E7C-4EEB-91DA-9EB91DCA78D2}.Release|Any CPU.Build.0 = Release|Any CPU
	EndGlobalSection
	GlobalSection(SolutionProperties) = preSolution
		HideSolutionNode = FALSE
	EndGlobalSection
	GlobalSection(ExtensibilityGlobals) = postSolution
		SolutionGuid = {E5A83252-E978-463D-B13F-95BD5336B456}
	EndGlobalSection
EndGlobal
